// !$*UTF8*$!
{
	archiveVersion = 1;
	classes = {
	};
	objectVersion = 55;
	objects = {

/* Begin PBXBuildFile section */
		65891F91287817530034C159 /* DisneyWaitTimesApp.swift in Sources */ = {isa = PBXBuildFile; fileRef = 65891F90287817530034C159 /* DisneyWaitTimesApp.swift */; };
		65891F93287817530034C159 /* ContentView.swift in Sources */ = {isa = PBXBuildFile; fileRef = 65891F92287817530034C159 /* ContentView.swift */; };
		65891F95287817540034C159 /* Assets.xcassets in Resources */ = {isa = PBXBuildFile; fileRef = 65891F94287817540034C159 /* Assets.xcassets */; };
		65891F98287817540034C159 /* Preview Assets.xcassets in Resources */ = {isa = PBXBuildFile; fileRef = 65891F97287817540034C159 /* Preview Assets.xcassets */; };
		65891FA2287817540034C159 /* DisneyWaitTimesTests.swift in Sources */ = {isa = PBXBuildFile; fileRef = 65891FA1287817540034C159 /* DisneyWaitTimesTests.swift */; };
		65891FAC287817550034C159 /* DisneyWaitTimesUITests.swift in Sources */ = {isa = PBXBuildFile; fileRef = 65891FAB287817550034C159 /* DisneyWaitTimesUITests.swift */; };
		65891FAE287817550034C159 /* DisneyWaitTimesUITestsLaunchTests.swift in Sources */ = {isa = PBXBuildFile; fileRef = 65891FAD287817550034C159 /* DisneyWaitTimesUITestsLaunchTests.swift */; };
		65891FBB2878180B0034C159 /* notes.txt in Resources */ = {isa = PBXBuildFile; fileRef = 65891FBA2878180B0034C159 /* notes.txt */; };
		65891FBE287819C70034C159 /* Park.swift in Sources */ = {isa = PBXBuildFile; fileRef = 65891FBD287819C70034C159 /* Park.swift */; };
		65891FC0287819FA0034C159 /* ParkQueueTimes.swift in Sources */ = {isa = PBXBuildFile; fileRef = 65891FBF287819FA0034C159 /* ParkQueueTimes.swift */; };
/* End PBXBuildFile section */

/* Begin PBXContainerItemProxy section */
		65891F9E287817540034C159 /* PBXContainerItemProxy */ = {
			isa = PBXContainerItemProxy;
			containerPortal = 65891F85287817530034C159 /* Project object */;
			proxyType = 1;
			remoteGlobalIDString = 65891F8C287817530034C159;
			remoteInfo = DisneyWaitTimes;
		};
		65891FA8287817550034C159 /* PBXContainerItemProxy */ = {
			isa = PBXContainerItemProxy;
			containerPortal = 65891F85287817530034C159 /* Project object */;
			proxyType = 1;
			remoteGlobalIDString = 65891F8C287817530034C159;
			remoteInfo = DisneyWaitTimes;
		};
/* End PBXContainerItemProxy section */

/* Begin PBXFileReference section */
		65891F8D287817530034C159 /* DisneyWaitTimes.app */ = {isa = PBXFileReference; explicitFileType = wrapper.application; includeInIndex = 0; path = DisneyWaitTimes.app; sourceTree = BUILT_PRODUCTS_DIR; };
		65891F90287817530034C159 /* DisneyWaitTimesApp.swift */ = {isa = PBXFileReference; lastKnownFileType = sourcecode.swift; path = DisneyWaitTimesApp.swift; sourceTree = "<group>"; };
		65891F92287817530034C159 /* ContentView.swift */ = {isa = PBXFileReference; lastKnownFileType = sourcecode.swift; path = ContentView.swift; sourceTree = "<group>"; };
		65891F94287817540034C159 /* Assets.xcassets */ = {isa = PBXFileReference; lastKnownFileType = folder.assetcatalog; path = Assets.xcassets; sourceTree = "<group>"; };
		65891F97287817540034C159 /* Preview Assets.xcassets */ = {isa = PBXFileReference; lastKnownFileType = folder.assetcatalog; path = "Preview Assets.xcassets"; sourceTree = "<group>"; };
		65891F9D287817540034C159 /* DisneyWaitTimesTests.xctest */ = {isa = PBXFileReference; explicitFileType = wrapper.cfbundle; includeInIndex = 0; path = DisneyWaitTimesTests.xctest; sourceTree = BUILT_PRODUCTS_DIR; };
		65891FA1287817540034C159 /* DisneyWaitTimesTests.swift */ = {isa = PBXFileReference; lastKnownFileType = sourcecode.swift; path = DisneyWaitTimesTests.swift; sourceTree = "<group>"; };
		65891FA7287817550034C159 /* DisneyWaitTimesUITests.xctest */ = {isa = PBXFileReference; explicitFileType = wrapper.cfbundle; includeInIndex = 0; path = DisneyWaitTimesUITests.xctest; sourceTree = BUILT_PRODUCTS_DIR; };
		65891FAB287817550034C159 /* DisneyWaitTimesUITests.swift */ = {isa = PBXFileReference; lastKnownFileType = sourcecode.swift; path = DisneyWaitTimesUITests.swift; sourceTree = "<group>"; };
		65891FAD287817550034C159 /* DisneyWaitTimesUITestsLaunchTests.swift */ = {isa = PBXFileReference; lastKnownFileType = sourcecode.swift; path = DisneyWaitTimesUITestsLaunchTests.swift; sourceTree = "<group>"; };
		65891FBA2878180B0034C159 /* notes.txt */ = {isa = PBXFileReference; lastKnownFileType = text; path = notes.txt; sourceTree = "<group>"; };
		65891FBD287819C70034C159 /* Park.swift */ = {isa = PBXFileReference; lastKnownFileType = sourcecode.swift; path = Park.swift; sourceTree = "<group>"; };
		65891FBF287819FA0034C159 /* ParkQueueTimes.swift */ = {isa = PBXFileReference; lastKnownFileType = sourcecode.swift; path = ParkQueueTimes.swift; sourceTree = "<group>"; };
/* End PBXFileReference section */

/* Begin PBXFrameworksBuildPhase section */
		65891F8A287817530034C159 /* Frameworks */ = {
			isa = PBXFrameworksBuildPhase;
			buildActionMask = 2147483647;
			files = (
			);
			runOnlyForDeploymentPostprocessing = 0;
		};
		65891F9A287817540034C159 /* Frameworks */ = {
			isa = PBXFrameworksBuildPhase;
			buildActionMask = 2147483647;
			files = (
			);
			runOnlyForDeploymentPostprocessing = 0;
		};
		65891FA4287817550034C159 /* Frameworks */ = {
			isa = PBXFrameworksBuildPhase;
			buildActionMask = 2147483647;
			files = (
			);
			runOnlyForDeploymentPostprocessing = 0;
		};
/* End PBXFrameworksBuildPhase section */

/* Begin PBXGroup section */
		65891F84287817530034C159 = {
			isa = PBXGroup;
			children = (
				65891FBA2878180B0034C159 /* notes.txt */,
				65891F8F287817530034C159 /* DisneyWaitTimes */,
				65891FA0287817540034C159 /* DisneyWaitTimesTests */,
				65891FAA287817550034C159 /* DisneyWaitTimesUITests */,
				65891F8E287817530034C159 /* Products */,
			);
			sourceTree = "<group>";
		};
		65891F8E287817530034C159 /* Products */ = {
			isa = PBXGroup;
			children = (
				65891F8D287817530034C159 /* DisneyWaitTimes.app */,
				65891F9D287817540034C159 /* DisneyWaitTimesTests.xctest */,
				65891FA7287817550034C159 /* DisneyWaitTimesUITests.xctest */,
			);
			name = Products;
			sourceTree = "<group>";
		};
		65891F8F287817530034C159 /* DisneyWaitTimes */ = {
			isa = PBXGroup;
			children = (
				65891FBC287819590034C159 /* Models */,
				65891F90287817530034C159 /* DisneyWaitTimesApp.swift */,
				65891F92287817530034C159 /* ContentView.swift */,
				65891F94287817540034C159 /* Assets.xcassets */,
				65891F96287817540034C159 /* Preview Content */,
			);
			path = DisneyWaitTimes;
			sourceTree = "<group>";
		};
		65891F96287817540034C159 /* Preview Content */ = {
			isa = PBXGroup;
			children = (
				65891F97287817540034C159 /* Preview Assets.xcassets */,
			);
			path = "Preview Content";
			sourceTree = "<group>";
		};
		65891FA0287817540034C159 /* DisneyWaitTimesTests */ = {
			isa = PBXGroup;
			children = (
				65891FA1287817540034C159 /* DisneyWaitTimesTests.swift */,
			);
			path = DisneyWaitTimesTests;
			sourceTree = "<group>";
		};
		65891FAA287817550034C159 /* DisneyWaitTimesUITests */ = {
			isa = PBXGroup;
			children = (
				65891FAB287817550034C159 /* DisneyWaitTimesUITests.swift */,
				65891FAD287817550034C159 /* DisneyWaitTimesUITestsLaunchTests.swift */,
			);
			path = DisneyWaitTimesUITests;
			sourceTree = "<group>";
		};
		65891FBC287819590034C159 /* Models */ = {
			isa = PBXGroup;
			children = (
				65891FBD287819C70034C159 /* Park.swift */,
				65891FBF287819FA0034C159 /* ParkQueueTimes.swift */,
			);
			path = Models;
			sourceTree = "<group>";
		};
/* End PBXGroup section */

/* Begin PBXNativeTarget section */
		65891F8C287817530034C159 /* DisneyWaitTimes */ = {
			isa = PBXNativeTarget;
			buildConfigurationList = 65891FB1287817550034C159 /* Build configuration list for PBXNativeTarget "DisneyWaitTimes" */;
			buildPhases = (
				65891F89287817530034C159 /* Sources */,
				65891F8A287817530034C159 /* Frameworks */,
				65891F8B287817530034C159 /* Resources */,
			);
			buildRules = (
			);
			dependencies = (
			);
			name = DisneyWaitTimes;
			productName = DisneyWaitTimes;
			productReference = 65891F8D287817530034C159 /* DisneyWaitTimes.app */;
			productType = "com.apple.product-type.application";
		};
		65891F9C287817540034C159 /* DisneyWaitTimesTests */ = {
			isa = PBXNativeTarget;
			buildConfigurationList = 65891FB4287817550034C159 /* Build configuration list for PBXNativeTarget "DisneyWaitTimesTests" */;
			buildPhases = (
				65891F99287817540034C159 /* Sources */,
				65891F9A287817540034C159 /* Frameworks */,
				65891F9B287817540034C159 /* Resources */,
			);
			buildRules = (
			);
			dependencies = (
				65891F9F287817540034C159 /* PBXTargetDependency */,
			);
			name = DisneyWaitTimesTests;
			productName = DisneyWaitTimesTests;
			productReference = 65891F9D287817540034C159 /* DisneyWaitTimesTests.xctest */;
			productType = "com.apple.product-type.bundle.unit-test";
		};
		65891FA6287817550034C159 /* DisneyWaitTimesUITests */ = {
			isa = PBXNativeTarget;
			buildConfigurationList = 65891FB7287817550034C159 /* Build configuration list for PBXNativeTarget "DisneyWaitTimesUITests" */;
			buildPhases = (
				65891FA3287817550034C159 /* Sources */,
				65891FA4287817550034C159 /* Frameworks */,
				65891FA5287817550034C159 /* Resources */,
			);
			buildRules = (
			);
			dependencies = (
				65891FA9287817550034C159 /* PBXTargetDependency */,
			);
			name = DisneyWaitTimesUITests;
			productName = DisneyWaitTimesUITests;
			productReference = 65891FA7287817550034C159 /* DisneyWaitTimesUITests.xctest */;
			productType = "com.apple.product-type.bundle.ui-testing";
		};
/* End PBXNativeTarget section */

/* Begin PBXProject section */
		65891F85287817530034C159 /* Project object */ = {
			isa = PBXProject;
			attributes = {
				BuildIndependentTargetsInParallel = 1;
				LastSwiftUpdateCheck = 1340;
				LastUpgradeCheck = 1340;
				TargetAttributes = {
					65891F8C287817530034C159 = {
						CreatedOnToolsVersion = 13.4;
					};
					65891F9C287817540034C159 = {
						CreatedOnToolsVersion = 13.4;
						TestTargetID = 65891F8C287817530034C159;
					};
					65891FA6287817550034C159 = {
						CreatedOnToolsVersion = 13.4;
						TestTargetID = 65891F8C287817530034C159;
					};
				};
			};
			buildConfigurationList = 65891F88287817530034C159 /* Build configuration list for PBXProject "DisneyWaitTimes" */;
			compatibilityVersion = "Xcode 13.0";
			developmentRegion = en;
			hasScannedForEncodings = 0;
			knownRegions = (
				en,
				Base,
			);
			mainGroup = 65891F84287817530034C159;
			productRefGroup = 65891F8E287817530034C159 /* Products */;
			projectDirPath = "";
			projectRoot = "";
			targets = (
				65891F8C287817530034C159 /* DisneyWaitTimes */,
				65891F9C287817540034C159 /* DisneyWaitTimesTests */,
				65891FA6287817550034C159 /* DisneyWaitTimesUITests */,
			);
		};
/* End PBXProject section */

/* Begin PBXResourcesBuildPhase section */
		65891F8B287817530034C159 /* Resources */ = {
			isa = PBXResourcesBuildPhase;
			buildActionMask = 2147483647;
			files = (
				65891FBB2878180B0034C159 /* notes.txt in Resources */,
				65891F98287817540034C159 /* Preview Assets.xcassets in Resources */,
				65891F95287817540034C159 /* Assets.xcassets in Resources */,
			);
			runOnlyForDeploymentPostprocessing = 0;
		};
		65891F9B287817540034C159 /* Resources */ = {
			isa = PBXResourcesBuildPhase;
			buildActionMask = 2147483647;
			files = (
			);
			runOnlyForDeploymentPostprocessing = 0;
		};
		65891FA5287817550034C159 /* Resources */ = {
			isa = PBXResourcesBuildPhase;
			buildActionMask = 2147483647;
			files = (
			);
			runOnlyForDeploymentPostprocessing = 0;
		};
/* End PBXResourcesBuildPhase section */

/* Begin PBXSourcesBuildPhase section */
		65891F89287817530034C159 /* Sources */ = {
			isa = PBXSourcesBuildPhase;
			buildActionMask = 2147483647;
			files = (
				65891F93287817530034C159 /* ContentView.swift in Sources */,
				65891FBE287819C70034C159 /* Park.swift in Sources */,
				65891FC0287819FA0034C159 /* ParkQueueTimes.swift in Sources */,
				65891F91287817530034C159 /* DisneyWaitTimesApp.swift in Sources */,
			);
			runOnlyForDeploymentPostprocessing = 0;
		};
		65891F99287817540034C159 /* Sources */ = {
			isa = PBXSourcesBuildPhase;
			buildActionMask = 2147483647;
			files = (
				65891FA2287817540034C159 /* DisneyWaitTimesTests.swift in Sources */,
			);
			runOnlyForDeploymentPostprocessing = 0;
		};
		65891FA3287817550034C159 /* Sources */ = {
			isa = PBXSourcesBuildPhase;
			buildActionMask = 2147483647;
			files = (
				65891FAE287817550034C159 /* DisneyWaitTimesUITestsLaunchTests.swift in Sources */,
				65891FAC287817550034C159 /* DisneyWaitTimesUITests.swift in Sources */,
			);
			runOnlyForDeploymentPostprocessing = 0;
		};
/* End PBXSourcesBuildPhase section */

/* Begin PBXTargetDependency section */
		65891F9F287817540034C159 /* PBXTargetDependency */ = {
			isa = PBXTargetDependency;
			target = 65891F8C287817530034C159 /* DisneyWaitTimes */;
			targetProxy = 65891F9E287817540034C159 /* PBXContainerItemProxy */;
		};
		65891FA9287817550034C159 /* PBXTargetDependency */ = {
			isa = PBXTargetDependency;
			target = 65891F8C287817530034C159 /* DisneyWaitTimes */;
			targetProxy = 65891FA8287817550034C159 /* PBXContainerItemProxy */;
		};
/* End PBXTargetDependency section */

/* Begin XCBuildConfiguration section */
		65891FAF287817550034C159 /* Debug */ = {
			isa = XCBuildConfiguration;
			buildSettings = {
				ALWAYS_SEARCH_USER_PATHS = NO;
				CLANG_ANALYZER_NONNULL = YES;
				CLANG_ANALYZER_NUMBER_OBJECT_CONVERSION = YES_AGGRESSIVE;
				CLANG_CXX_LANGUAGE_STANDARD = "gnu++17";
				CLANG_ENABLE_MODULES = YES;
				CLANG_ENABLE_OBJC_ARC = YES;
				CLANG_ENABLE_OBJC_WEAK = YES;
				CLANG_WARN_BLOCK_CAPTURE_AUTORELEASING = YES;
				CLANG_WARN_BOOL_CONVERSION = YES;
				CLANG_WARN_COMMA = YES;
				CLANG_WARN_CONSTANT_CONVERSION = YES;
				CLANG_WARN_DEPRECATED_OBJC_IMPLEMENTATIONS = YES;
				CLANG_WARN_DIRECT_OBJC_ISA_USAGE = YES_ERROR;
				CLANG_WARN_DOCUMENTATION_COMMENTS = YES;
				CLANG_WARN_EMPTY_BODY = YES;
				CLANG_WARN_ENUM_CONVERSION = YES;
				CLANG_WARN_INFINITE_RECURSION = YES;
				CLANG_WARN_INT_CONVERSION = YES;
				CLANG_WARN_NON_LITERAL_NULL_CONVERSION = YES;
				CLANG_WARN_OBJC_IMPLICIT_RETAIN_SELF = YES;
				CLANG_WARN_OBJC_LITERAL_CONVERSION = YES;
				CLANG_WARN_OBJC_ROOT_CLASS = YES_ERROR;
				CLANG_WARN_QUOTED_INCLUDE_IN_FRAMEWORK_HEADER = YES;
				CLANG_WARN_RANGE_LOOP_ANALYSIS = YES;
				CLANG_WARN_STRICT_PROTOTYPES = YES;
				CLANG_WARN_SUSPICIOUS_MOVE = YES;
				CLANG_WARN_UNGUARDED_AVAILABILITY = YES_AGGRESSIVE;
				CLANG_WARN_UNREACHABLE_CODE = YES;
				CLANG_WARN__DUPLICATE_METHOD_MATCH = YES;
				COPY_PHASE_STRIP = NO;
				DEBUG_INFORMATION_FORMAT = dwarf;
				ENABLE_STRICT_OBJC_MSGSEND = YES;
				ENABLE_TESTABILITY = YES;
				GCC_C_LANGUAGE_STANDARD = gnu11;
				GCC_DYNAMIC_NO_PIC = NO;
				GCC_NO_COMMON_BLOCKS = YES;
				GCC_OPTIMIZATION_LEVEL = 0;
				GCC_PREPROCESSOR_DEFINITIONS = (
					"DEBUG=1",
					"$(inherited)",
				);
				GCC_WARN_64_TO_32_BIT_CONVERSION = YES;
				GCC_WARN_ABOUT_RETURN_TYPE = YES_ERROR;
				GCC_WARN_UNDECLARED_SELECTOR = YES;
				GCC_WARN_UNINITIALIZED_AUTOS = YES_AGGRESSIVE;
				GCC_WARN_UNUSED_FUNCTION = YES;
				GCC_WARN_UNUSED_VARIABLE = YES;
				IPHONEOS_DEPLOYMENT_TARGET = 15.5;
				MTL_ENABLE_DEBUG_INFO = INCLUDE_SOURCE;
				MTL_FAST_MATH = YES;
				ONLY_ACTIVE_ARCH = YES;
				SDKROOT = iphoneos;
				SWIFT_ACTIVE_COMPILATION_CONDITIONS = DEBUG;
				SWIFT_OPTIMIZATION_LEVEL = "-Onone";
			};
			name = Debug;
		};
		65891FB0287817550034C159 /* Release */ = {
			isa = XCBuildConfiguration;
			buildSettings = {
				ALWAYS_SEARCH_USER_PATHS = NO;
				CLANG_ANALYZER_NONNULL = YES;
				CLANG_ANALYZER_NUMBER_OBJECT_CONVERSION = YES_AGGRESSIVE;
				CLANG_CXX_LANGUAGE_STANDARD = "gnu++17";
				CLANG_ENABLE_MODULES = YES;
				CLANG_ENABLE_OBJC_ARC = YES;
				CLANG_ENABLE_OBJC_WEAK = YES;
				CLANG_WARN_BLOCK_CAPTURE_AUTORELEASING = YES;
				CLANG_WARN_BOOL_CONVERSION = YES;
				CLANG_WARN_COMMA = YES;
				CLANG_WARN_CONSTANT_CONVERSION = YES;
				CLANG_WARN_DEPRECATED_OBJC_IMPLEMENTATIONS = YES;
				CLANG_WARN_DIRECT_OBJC_ISA_USAGE = YES_ERROR;
				CLANG_WARN_DOCUMENTATION_COMMENTS = YES;
				CLANG_WARN_EMPTY_BODY = YES;
				CLANG_WARN_ENUM_CONVERSION = YES;
				CLANG_WARN_INFINITE_RECURSION = YES;
				CLANG_WARN_INT_CONVERSION = YES;
				CLANG_WARN_NON_LITERAL_NULL_CONVERSION = YES;
				CLANG_WARN_OBJC_IMPLICIT_RETAIN_SELF = YES;
				CLANG_WARN_OBJC_LITERAL_CONVERSION = YES;
				CLANG_WARN_OBJC_ROOT_CLASS = YES_ERROR;
				CLANG_WARN_QUOTED_INCLUDE_IN_FRAMEWORK_HEADER = YES;
				CLANG_WARN_RANGE_LOOP_ANALYSIS = YES;
				CLANG_WARN_STRICT_PROTOTYPES = YES;
				CLANG_WARN_SUSPICIOUS_MOVE = YES;
				CLANG_WARN_UNGUARDED_AVAILABILITY = YES_AGGRESSIVE;
				CLANG_WARN_UNREACHABLE_CODE = YES;
				CLANG_WARN__DUPLICATE_METHOD_MATCH = YES;
				COPY_PHASE_STRIP = NO;
				DEBUG_INFORMATION_FORMAT = "dwarf-with-dsym";
				ENABLE_NS_ASSERTIONS = NO;
				ENABLE_STRICT_OBJC_MSGSEND = YES;
				GCC_C_LANGUAGE_STANDARD = gnu11;
				GCC_NO_COMMON_BLOCKS = YES;
				GCC_WARN_64_TO_32_BIT_CONVERSION = YES;
				GCC_WARN_ABOUT_RETURN_TYPE = YES_ERROR;
				GCC_WARN_UNDECLARED_SELECTOR = YES;
				GCC_WARN_UNINITIALIZED_AUTOS = YES_AGGRESSIVE;
				GCC_WARN_UNUSED_FUNCTION = YES;
				GCC_WARN_UNUSED_VARIABLE = YES;
				IPHONEOS_DEPLOYMENT_TARGET = 15.5;
				MTL_ENABLE_DEBUG_INFO = NO;
				MTL_FAST_MATH = YES;
				SDKROOT = iphoneos;
				SWIFT_COMPILATION_MODE = wholemodule;
				SWIFT_OPTIMIZATION_LEVEL = "-O";
				VALIDATE_PRODUCT = YES;
			};
			name = Release;
		};
		65891FB2287817550034C159 /* Debug */ = {
			isa = XCBuildConfiguration;
			buildSettings = {
				ASSETCATALOG_COMPILER_APPICON_NAME = AppIcon;
				ASSETCATALOG_COMPILER_GLOBAL_ACCENT_COLOR_NAME = AccentColor;
				CODE_SIGN_STYLE = Automatic;
				CURRENT_PROJECT_VERSION = 1;
				DEVELOPMENT_ASSET_PATHS = "\"DisneyWaitTimes/Preview Content\"";
				DEVELOPMENT_TEAM = BPG2MP9FVQ;
				ENABLE_PREVIEWS = YES;
				GENERATE_INFOPLIST_FILE = YES;
				INFOPLIST_KEY_UIApplicationSceneManifest_Generation = YES;
				INFOPLIST_KEY_UIApplicationSupportsIndirectInputEvents = YES;
				INFOPLIST_KEY_UILaunchScreen_Generation = YES;
				INFOPLIST_KEY_UISupportedInterfaceOrientations_iPad = "UIInterfaceOrientationPortrait UIInterfaceOrientationPortraitUpsideDown UIInterfaceOrientationLandscapeLeft UIInterfaceOrientationLandscapeRight";
				INFOPLIST_KEY_UISupportedInterfaceOrientations_iPhone = "UIInterfaceOrientationPortrait UIInterfaceOrientationLandscapeLeft UIInterfaceOrientationLandscapeRight";
				LD_RUNPATH_SEARCH_PATHS = (
					"$(inherited)",
					"@executable_path/Frameworks",
				);
				MARKETING_VERSION = 1.0;
				PRODUCT_BUNDLE_IDENTIFIER = cjwilliamson.DisneyWaitTimes;
				PRODUCT_NAME = "$(TARGET_NAME)";
				SWIFT_EMIT_LOC_STRINGS = YES;
				SWIFT_VERSION = 5.0;
				TARGETED_DEVICE_FAMILY = "1,2";
			};
			name = Debug;
		};
		65891FB3287817550034C159 /* Release */ = {
			isa = XCBuildConfiguration;
			buildSettings = {
				ASSETCATALOG_COMPILER_APPICON_NAME = AppIcon;
				ASSETCATALOG_COMPILER_GLOBAL_ACCENT_COLOR_NAME = AccentColor;
				CODE_SIGN_STYLE = Automatic;
				CURRENT_PROJECT_VERSION = 1;
				DEVELOPMENT_ASSET_PATHS = "\"DisneyWaitTimes/Preview Content\"";
				DEVELOPMENT_TEAM = BPG2MP9FVQ;
				ENABLE_PREVIEWS = YES;
				GENERATE_INFOPLIST_FILE = YES;
				INFOPLIST_KEY_UIApplicationSceneManifest_Generation = YES;
				INFOPLIST_KEY_UIApplicationSupportsIndirectInputEvents = YES;
				INFOPLIST_KEY_UILaunchScreen_Generation = YES;
				INFOPLIST_KEY_UISupportedInterfaceOrientations_iPad = "UIInterfaceOrientationPortrait UIInterfaceOrientationPortraitUpsideDown UIInterfaceOrientationLandscapeLeft UIInterfaceOrientationLandscapeRight";
				INFOPLIST_KEY_UISupportedInterfaceOrientations_iPhone = "UIInterfaceOrientationPortrait UIInterfaceOrientationLandscapeLeft UIInterfaceOrientationLandscapeRight";
				LD_RUNPATH_SEARCH_PATHS = (
					"$(inherited)",
					"@executable_path/Frameworks",
				);
				MARKETING_VERSION = 1.0;
				PRODUCT_BUNDLE_IDENTIFIER = cjwilliamson.DisneyWaitTimes;
				PRODUCT_NAME = "$(TARGET_NAME)";
				SWIFT_EMIT_LOC_STRINGS = YES;
				SWIFT_VERSION = 5.0;
				TARGETED_DEVICE_FAMILY = "1,2";
			};
			name = Release;
		};
		65891FB5287817550034C159 /* Debug */ = {
			isa = XCBuildConfiguration;
			buildSettings = {
				ALWAYS_EMBED_SWIFT_STANDARD_LIBRARIES = YES;
				BUNDLE_LOADER = "$(TEST_HOST)";
				CODE_SIGN_STYLE = Automatic;
				CURRENT_PROJECT_VERSION = 1;
				DEVELOPMENT_TEAM = BPG2MP9FVQ;
				GENERATE_INFOPLIST_FILE = YES;
				IPHONEOS_DEPLOYMENT_TARGET = 15.5;
				MARKETING_VERSION = 1.0;
				PRODUCT_BUNDLE_IDENTIFIER = cjwilliamson.DisneyWaitTimesTests;
				PRODUCT_NAME = "$(TARGET_NAME)";
				SWIFT_EMIT_LOC_STRINGS = NO;
				SWIFT_VERSION = 5.0;
				TARGETED_DEVICE_FAMILY = "1,2";
				TEST_HOST = "$(BUILT_PRODUCTS_DIR)/DisneyWaitTimes.app/DisneyWaitTimes";
			};
			name = Debug;
		};
		65891FB6287817550034C159 /* Release */ = {
			isa = XCBuildConfiguration;
			buildSettings = {
				ALWAYS_EMBED_SWIFT_STANDARD_LIBRARIES = YES;
				BUNDLE_LOADER = "$(TEST_HOST)";
				CODE_SIGN_STYLE = Automatic;
				CURRENT_PROJECT_VERSION = 1;
				DEVELOPMENT_TEAM = BPG2MP9FVQ;
				GENERATE_INFOPLIST_FILE = YES;
				IPHONEOS_DEPLOYMENT_TARGET = 15.5;
				MARKETING_VERSION = 1.0;
				PRODUCT_BUNDLE_IDENTIFIER = cjwilliamson.DisneyWaitTimesTests;
				PRODUCT_NAME = "$(TARGET_NAME)";
				SWIFT_EMIT_LOC_STRINGS = NO;
				SWIFT_VERSION = 5.0;
				TARGETED_DEVICE_FAMILY = "1,2";
				TEST_HOST = "$(BUILT_PRODUCTS_DIR)/DisneyWaitTimes.app/DisneyWaitTimes";
			};
			name = Release;
		};
		65891FB8287817550034C159 /* Debug */ = {
			isa = XCBuildConfiguration;
			buildSettings = {
				ALWAYS_EMBED_SWIFT_STANDARD_LIBRARIES = YES;
				CODE_SIGN_STYLE = Automatic;
				CURRENT_PROJECT_VERSION = 1;
				DEVELOPMENT_TEAM = BPG2MP9FVQ;
				GENERATE_INFOPLIST_FILE = YES;
				MARKETING_VERSION = 1.0;
				PRODUCT_BUNDLE_IDENTIFIER = cjwilliamson.DisneyWaitTimesUITests;
				PRODUCT_NAME = "$(TARGET_NAME)";
				SWIFT_EMIT_LOC_STRINGS = NO;
				SWIFT_VERSION = 5.0;
				TARGETED_DEVICE_FAMILY = "1,2";
				TEST_TARGET_NAME = DisneyWaitTimes;
			};
			name = Debug;
		};
		65891FB9287817550034C159 /* Release */ = {
			isa = XCBuildConfiguration;
			buildSettings = {
				ALWAYS_EMBED_SWIFT_STANDARD_LIBRARIES = YES;
				CODE_SIGN_STYLE = Automatic;
				CURRENT_PROJECT_VERSION = 1;
				DEVELOPMENT_TEAM = BPG2MP9FVQ;
				GENERATE_INFOPLIST_FILE = YES;
				MARKETING_VERSION = 1.0;
				PRODUCT_BUNDLE_IDENTIFIER = cjwilliamson.DisneyWaitTimesUITests;
				PRODUCT_NAME = "$(TARGET_NAME)";
				SWIFT_EMIT_LOC_STRINGS = NO;
				SWIFT_VERSION = 5.0;
				TARGETED_DEVICE_FAMILY = "1,2";
				TEST_TARGET_NAME = DisneyWaitTimes;
			};
			name = Release;
		};
/* End XCBuildConfiguration section */

/* Begin XCConfigurationList section */
		65891F88287817530034C159 /* Build configuration list for PBXProject "DisneyWaitTimes" */ = {
			isa = XCConfigurationList;
			buildConfigurations = (
				65891FAF287817550034C159 /* Debug */,
				65891FB0287817550034C159 /* Release */,
			);
			defaultConfigurationIsVisible = 0;
			defaultConfigurationName = Release;
		};
		65891FB1287817550034C159 /* Build configuration list for PBXNativeTarget "DisneyWaitTimes" */ = {
			isa = XCConfigurationList;
			buildConfigurations = (
				65891FB2287817550034C159 /* Debug */,
				65891FB3287817550034C159 /* Release */,
			);
			defaultConfigurationIsVisible = 0;
			defaultConfigurationName = Release;
		};
		65891FB4287817550034C159 /* Build configuration list for PBXNativeTarget "DisneyWaitTimesTests" */ = {
			isa = XCConfigurationList;
			buildConfigurations = (
				65891FB5287817550034C159 /* Debug */,
				65891FB6287817550034C159 /* Release */,
			);
			defaultConfigurationIsVisible = 0;
			defaultConfigurationName = Release;
		};
		65891FB7287817550034C159 /* Build configuration list for PBXNativeTarget "DisneyWaitTimesUITests" */ = {
			isa = XCConfigurationList;
			buildConfigurations = (
				65891FB8287817550034C159 /* Debug */,
				65891FB9287817550034C159 /* Release */,
			);
			defaultConfigurationIsVisible = 0;
			defaultConfigurationName = Release;
		};
/* End XCConfigurationList section */
	};
	rootObject = 65891F85287817530034C159 /* Project object */;
}
